
Microsoft Visual Studio Solution File, Format Version 11.00
# Visual Studio 2010
Project("{FAE04EC0-301F-11D3-BF4B-00C04F79EFBC}") = "HistoryQuest_AlexanderSikalevski", "Assembly-CSharp.csproj", "{00F514EA-CE09-AE13-7B8F-FE33CF658C95}"
EndProject
Project("{FAE04EC0-301F-11D3-BF4B-00C04F79EFBC}") = "HistoryQuest_AlexanderSikalevski", "Assembly-CSharp-firstpass.csproj", "{79F2099A-27EF-7158-43C7-A780B539F07A}"
EndProject
Project("{FAE04EC0-301F-11D3-BF4B-00C04F79EFBC}") = "HistoryQuest_AlexanderSikalevski", "Assembly-CSharp-Editor-firstpass.csproj", "{71CC2AD2-E47D-AD3E-4E29-CA81C8A9B6F3}"
EndProject
Global
	GlobalSection(SolutionConfigurationPlatforms) = preSolution
		Debug|Any CPU = Debug|Any CPU
		Release|Any CPU = Release|Any CPU
	EndGlobalSection
	GlobalSection(ProjectConfigurationPlatforms) = postSolution
		{00F514EA-CE09-AE13-7B8F-FE33CF658C95}.Debug|Any CPU.ActiveCfg = Debug|Any CPU
		{00F514EA-CE09-AE13-7B8F-FE33CF658C95}.Debug|Any CPU.Build.0 = Debug|Any CPU
		{00F514EA-CE09-AE13-7B8F-FE33CF658C95}.Release|Any CPU.ActiveCfg = Release|Any CPU
		{00F514EA-CE09-AE13-7B8F-FE33CF658C95}.Release|Any CPU.Build.0 = Release|Any CPU
		{79F2099A-27EF-7158-43C7-A780B539F07A}.Debug|Any CPU.ActiveCfg = Debug|Any CPU
		{79F2099A-27EF-7158-43C7-A780B539F07A}.Debug|Any CPU.Build.0 = Debug|Any CPU
		{79F2099A-27EF-7158-43C7-A780B539F07A}.Release|Any CPU.ActiveCfg = Release|Any CPU
		{79F2099A-27EF-7158-43C7-A780B539F07A}.Release|Any CPU.Build.0 = Release|Any CPU
		{71CC2AD2-E47D-AD3E-4E29-CA81C8A9B6F3}.Debug|Any CPU.ActiveCfg = Debug|Any CPU
		{71CC2AD2-E47D-AD3E-4E29-CA81C8A9B6F3}.Debug|Any CPU.Build.0 = Debug|Any CPU
		{71CC2AD2-E47D-AD3E-4E29-CA81C8A9B6F3}.Release|Any CPU.ActiveCfg = Release|Any CPU
		{71CC2AD2-E47D-AD3E-4E29-CA81C8A9B6F3}.Release|Any CPU.Build.0 = Release|Any CPU
	EndGlobalSection
	GlobalSection(SolutionProperties) = preSolution
		HideSolutionNode = FALSE
	EndGlobalSection
	GlobalSection(MonoDevelopProperties) = preSolution
		StartupItem = Assembly-CSharp.csproj
	EndGlobalSection
EndGlobal
